
Microsoft Visual Studio Solution File, Format Version 12.00
# Visual Studio 2012
Project("{FAE04EC0-301F-11D3-BF4B-00C04F79EFBC}") = "Entidades", "Entidades\Entidades.csproj", "{6F2B81DA-6D7C-4919-9755-D19B417DC8A9}"
EndProject
Project("{FAE04EC0-301F-11D3-BF4B-00C04F79EFBC}") = "TestDataBase", "TestDataBase\TestDataBase.csproj", "{F1BFF721-5BF2-4897-842B-53FC7032CEBA}"
EndProject
Global
	GlobalSection(SolutionConfigurationPlatforms) = preSolution
		Debug|Any CPU = Debug|Any CPU
		Release|Any CPU = Release|Any CPU
	EndGlobalSection
	GlobalSection(ProjectConfigurationPlatforms) = postSolution
		{6F2B81DA-6D7C-4919-9755-D19B417DC8A9}.Debug|Any CPU.ActiveCfg = Debug|Any CPU
		{6F2B81DA-6D7C-4919-9755-D19B417DC8A9}.Debug|Any CPU.Build.0 = Debug|Any CPU
		{6F2B81DA-6D7C-4919-9755-D19B417DC8A9}.Release|Any CPU.ActiveCfg = Release|Any CPU
		{6F2B81DA-6D7C-4919-9755-D19B417DC8A9}.Release|Any CPU.Build.0 = Release|Any CPU
		{F1BFF721-5BF2-4897-842B-53FC7032CEBA}.Debug|Any CPU.ActiveCfg = Debug|Any CPU
		{F1BFF721-5BF2-4897-842B-53FC7032CEBA}.Debug|Any CPU.Build.0 = Debug|Any CPU
		{F1BFF721-5BF2-4897-842B-53FC7032CEBA}.Release|Any CPU.ActiveCfg = Release|Any CPU
		{F1BFF721-5BF2-4897-842B-53FC7032CEBA}.Release|Any CPU.Build.0 = Release|Any CPU
	EndGlobalSection
	GlobalSection(SolutionProperties) = preSolution
		HideSolutionNode = FALSE
	EndGlobalSection
EndGlobal
