
Microsoft Visual Studio Solution File, Format Version 12.00
# Visual Studio 2012
Project("{FAE04EC0-301F-11D3-BF4B-00C04F79EFBC}") = "Ejercicio01", "Ejercicio01\Ejercicio01.csproj", "{885EB94F-54C1-424D-9F21-0208CEE953D0}"
EndProject
Project("{FAE04EC0-301F-11D3-BF4B-00C04F79EFBC}") = "Ejercicio02", "Ejercicio02\Ejercicio02.csproj", "{8BB0CE70-2D92-48EC-9617-B7C57D662952}"
EndProject
Project("{FAE04EC0-301F-11D3-BF4B-00C04F79EFBC}") = "Clase_1_Laboratorio", "Clase_1_Laboratorio\Clase_1_Laboratorio.csproj", "{4B3F3A80-EA76-4E2C-9229-4E657DC819FA}"
EndProject
Project("{FAE04EC0-301F-11D3-BF4B-00C04F79EFBC}") = "EntidadSello", "EntidadSello\EntidadSello.csproj", "{E95BE75D-20D7-4F74-B59F-1EBA388C0FAA}"
EndProject
Global
	GlobalSection(SolutionConfigurationPlatforms) = preSolution
		Debug|Any CPU = Debug|Any CPU
		Release|Any CPU = Release|Any CPU
	EndGlobalSection
	GlobalSection(ProjectConfigurationPlatforms) = postSolution
		{885EB94F-54C1-424D-9F21-0208CEE953D0}.Debug|Any CPU.ActiveCfg = Debug|Any CPU
		{885EB94F-54C1-424D-9F21-0208CEE953D0}.Debug|Any CPU.Build.0 = Debug|Any CPU
		{885EB94F-54C1-424D-9F21-0208CEE953D0}.Release|Any CPU.ActiveCfg = Release|Any CPU
		{885EB94F-54C1-424D-9F21-0208CEE953D0}.Release|Any CPU.Build.0 = Release|Any CPU
		{8BB0CE70-2D92-48EC-9617-B7C57D662952}.Debug|Any CPU.ActiveCfg = Debug|Any CPU
		{8BB0CE70-2D92-48EC-9617-B7C57D662952}.Debug|Any CPU.Build.0 = Debug|Any CPU
		{8BB0CE70-2D92-48EC-9617-B7C57D662952}.Release|Any CPU.ActiveCfg = Release|Any CPU
		{8BB0CE70-2D92-48EC-9617-B7C57D662952}.Release|Any CPU.Build.0 = Release|Any CPU
		{4B3F3A80-EA76-4E2C-9229-4E657DC819FA}.Debug|Any CPU.ActiveCfg = Debug|Any CPU
		{4B3F3A80-EA76-4E2C-9229-4E657DC819FA}.Debug|Any CPU.Build.0 = Debug|Any CPU
		{4B3F3A80-EA76-4E2C-9229-4E657DC819FA}.Release|Any CPU.ActiveCfg = Release|Any CPU
		{4B3F3A80-EA76-4E2C-9229-4E657DC819FA}.Release|Any CPU.Build.0 = Release|Any CPU
		{E95BE75D-20D7-4F74-B59F-1EBA388C0FAA}.Debug|Any CPU.ActiveCfg = Debug|Any CPU
		{E95BE75D-20D7-4F74-B59F-1EBA388C0FAA}.Debug|Any CPU.Build.0 = Debug|Any CPU
		{E95BE75D-20D7-4F74-B59F-1EBA388C0FAA}.Release|Any CPU.ActiveCfg = Release|Any CPU
		{E95BE75D-20D7-4F74-B59F-1EBA388C0FAA}.Release|Any CPU.Build.0 = Release|Any CPU
	EndGlobalSection
	GlobalSection(SolutionProperties) = preSolution
		HideSolutionNode = FALSE
	EndGlobalSection
EndGlobal
