
Microsoft Visual Studio Solution File, Format Version 12.00
# Visual Studio 2012
Project("{FAE04EC0-301F-11D3-BF4B-00C04F79EFBC}") = "Ejercicio01", "Ejercicio01\Ejercicio01.csproj", "{885EB94F-54C1-424D-9F21-0208CEE953D0}"
EndProject
Project("{FAE04EC0-301F-11D3-BF4B-00C04F79EFBC}") = "Ejercicio02", "Ejercicio02\Ejercicio02.csproj", "{8BB0CE70-2D92-48EC-9617-B7C57D662952}"
EndProject
Project("{FAE04EC0-301F-11D3-BF4B-00C04F79EFBC}") = "Clase_1_Laboratorio", "Clase_1_Laboratorio\Clase_1_Laboratorio.csproj", "{4B3F3A80-EA76-4E2C-9229-4E657DC819FA}"
EndProject
Project("{FAE04EC0-301F-11D3-BF4B-00C04F79EFBC}") = "EntidadSello", "EntidadSello\EntidadSello.csproj", "{E95BE75D-20D7-4F74-B59F-1EBA388C0FAA}"
EndProject
Project("{FAE04EC0-301F-11D3-BF4B-00C04F79EFBC}") = "Ejercicio18", "Ejercicio18\Ejercicio18.csproj", "{9CCBEBF5-1451-466A-A86D-C4D5455D7400}"
EndProject
Project("{FAE04EC0-301F-11D3-BF4B-00C04F79EFBC}") = "Ejercicio03", "Ejercicio03\Ejercicio03.csproj", "{57E1526D-8FC0-43D2-93E9-75CCE6D854CC}"
EndProject
Project("{FAE04EC0-301F-11D3-BF4B-00C04F79EFBC}") = "Ejercicio04", "Ejercicio04\Ejercicio04.csproj", "{C67054E3-85DC-461D-A3A3-8EEAFD9EA8F2}"
EndProject
Project("{FAE04EC0-301F-11D3-BF4B-00C04F79EFBC}") = "Ejercicio05", "Ejercicio05\Ejercicio05.csproj", "{CDB699D5-68F1-47D3-84CB-67898A23CA6B}"
EndProject
Project("{FAE04EC0-301F-11D3-BF4B-00C04F79EFBC}") = "Ejercicio06", "Ejercicio06\Ejercicio06.csproj", "{A1075A1F-21B9-46D0-8403-65909C12B741}"
EndProject
Project("{FAE04EC0-301F-11D3-BF4B-00C04F79EFBC}") = "Ejercicio07", "Ejercicio07\Ejercicio07.csproj", "{6F4B0421-9E52-4CBF-B68D-30AA5E4E070D}"
EndProject
Project("{FAE04EC0-301F-11D3-BF4B-00C04F79EFBC}") = "Ejercicio08", "Ejercicio08\Ejercicio08.csproj", "{7CB6BECE-B5E4-4228-9E17-BDAF0A852DCF}"
EndProject
Project("{FAE04EC0-301F-11D3-BF4B-00C04F79EFBC}") = "Ejercicio09", "Ejercicio09\Ejercicio09.csproj", "{11BA9511-00A4-4F36-9FEF-824DB7497443}"
EndProject
Project("{FAE04EC0-301F-11D3-BF4B-00C04F79EFBC}") = "Ejercicio10", "Ejercicio10\Ejercicio10.csproj", "{3463D9D4-3B40-4894-AC26-931A640735E9}"
EndProject
Project("{FAE04EC0-301F-11D3-BF4B-00C04F79EFBC}") = "Ejercicio12", "Ejercicio12\Ejercicio12.csproj", "{D16D946C-93FA-4265-93BC-3697EE991CFD}"
EndProject
Project("{FAE04EC0-301F-11D3-BF4B-00C04F79EFBC}") = "Clase_2_Lab", "Clase_2_Lab\Clase_2_Lab.csproj", "{959B1046-1CF8-44E8-8E10-6C89FFF3B6F7}"
EndProject
Project("{FAE04EC0-301F-11D3-BF4B-00C04F79EFBC}") = "Sobrecarga_Constructores", "ClassLibrary1\Sobrecarga_Constructores.csproj", "{7055EB10-60CA-496B-8BE6-08F01CB7E512}"
EndProject
Project("{FAE04EC0-301F-11D3-BF4B-00C04F79EFBC}") = "CosaForm", "CosaForm\CosaForm.csproj", "{10E5AE45-9256-45DA-AAAA-5EB1CB2CB496}"
EndProject
Project("{FAE04EC0-301F-11D3-BF4B-00C04F79EFBC}") = "Libreria_Clase_Arrays", "Libreria_Clase_Arrays\Libreria_Clase_Arrays.csproj", "{D9725D6E-EC2B-4E60-AD1E-05A5487CFD51}"
EndProject
Project("{FAE04EC0-301F-11D3-BF4B-00C04F79EFBC}") = "Esto no es una prueba de conversores", "Esto no es una prueba de conversores\Esto no es una prueba de conversores.csproj", "{6DDC34FB-46AD-45F7-BED4-0528F0448480}"
EndProject
Project("{FAE04EC0-301F-11D3-BF4B-00C04F79EFBC}") = "Agenda", "Agenda\Agenda.csproj", "{CC4FF281-C8F0-4F7A-A1E7-5FE2E5E8FB17}"
EndProject
Project("{FAE04EC0-301F-11D3-BF4B-00C04F79EFBC}") = "Practica_TP1", "Practica_Parcial\Practica_TP1.csproj", "{3728730D-0486-4804-AB34-BF91A6EC3765}"
EndProject
Project("{FAE04EC0-301F-11D3-BF4B-00C04F79EFBC}") = "Entidades.Clase_7_Ejercicio_29", "Entidades.Clase_7_Ejercicio_29\Entidades.Clase_7_Ejercicio_29.csproj", "{5B6D121E-EDE8-4A82-B53E-F5313238912C}"
EndProject
Global
	GlobalSection(SolutionConfigurationPlatforms) = preSolution
		Debug|Any CPU = Debug|Any CPU
		Release|Any CPU = Release|Any CPU
	EndGlobalSection
	GlobalSection(ProjectConfigurationPlatforms) = postSolution
		{885EB94F-54C1-424D-9F21-0208CEE953D0}.Debug|Any CPU.ActiveCfg = Debug|Any CPU
		{885EB94F-54C1-424D-9F21-0208CEE953D0}.Debug|Any CPU.Build.0 = Debug|Any CPU
		{885EB94F-54C1-424D-9F21-0208CEE953D0}.Release|Any CPU.ActiveCfg = Release|Any CPU
		{885EB94F-54C1-424D-9F21-0208CEE953D0}.Release|Any CPU.Build.0 = Release|Any CPU
		{8BB0CE70-2D92-48EC-9617-B7C57D662952}.Debug|Any CPU.ActiveCfg = Debug|Any CPU
		{8BB0CE70-2D92-48EC-9617-B7C57D662952}.Debug|Any CPU.Build.0 = Debug|Any CPU
		{8BB0CE70-2D92-48EC-9617-B7C57D662952}.Release|Any CPU.ActiveCfg = Release|Any CPU
		{8BB0CE70-2D92-48EC-9617-B7C57D662952}.Release|Any CPU.Build.0 = Release|Any CPU
		{4B3F3A80-EA76-4E2C-9229-4E657DC819FA}.Debug|Any CPU.ActiveCfg = Debug|Any CPU
		{4B3F3A80-EA76-4E2C-9229-4E657DC819FA}.Debug|Any CPU.Build.0 = Debug|Any CPU
		{4B3F3A80-EA76-4E2C-9229-4E657DC819FA}.Release|Any CPU.ActiveCfg = Release|Any CPU
		{4B3F3A80-EA76-4E2C-9229-4E657DC819FA}.Release|Any CPU.Build.0 = Release|Any CPU
		{E95BE75D-20D7-4F74-B59F-1EBA388C0FAA}.Debug|Any CPU.ActiveCfg = Debug|Any CPU
		{E95BE75D-20D7-4F74-B59F-1EBA388C0FAA}.Debug|Any CPU.Build.0 = Debug|Any CPU
		{E95BE75D-20D7-4F74-B59F-1EBA388C0FAA}.Release|Any CPU.ActiveCfg = Release|Any CPU
		{E95BE75D-20D7-4F74-B59F-1EBA388C0FAA}.Release|Any CPU.Build.0 = Release|Any CPU
		{9CCBEBF5-1451-466A-A86D-C4D5455D7400}.Debug|Any CPU.ActiveCfg = Debug|Any CPU
		{9CCBEBF5-1451-466A-A86D-C4D5455D7400}.Debug|Any CPU.Build.0 = Debug|Any CPU
		{9CCBEBF5-1451-466A-A86D-C4D5455D7400}.Release|Any CPU.ActiveCfg = Release|Any CPU
		{9CCBEBF5-1451-466A-A86D-C4D5455D7400}.Release|Any CPU.Build.0 = Release|Any CPU
		{57E1526D-8FC0-43D2-93E9-75CCE6D854CC}.Debug|Any CPU.ActiveCfg = Debug|Any CPU
		{57E1526D-8FC0-43D2-93E9-75CCE6D854CC}.Debug|Any CPU.Build.0 = Debug|Any CPU
		{57E1526D-8FC0-43D2-93E9-75CCE6D854CC}.Release|Any CPU.ActiveCfg = Release|Any CPU
		{57E1526D-8FC0-43D2-93E9-75CCE6D854CC}.Release|Any CPU.Build.0 = Release|Any CPU
		{C67054E3-85DC-461D-A3A3-8EEAFD9EA8F2}.Debug|Any CPU.ActiveCfg = Debug|Any CPU
		{C67054E3-85DC-461D-A3A3-8EEAFD9EA8F2}.Debug|Any CPU.Build.0 = Debug|Any CPU
		{C67054E3-85DC-461D-A3A3-8EEAFD9EA8F2}.Release|Any CPU.ActiveCfg = Release|Any CPU
		{C67054E3-85DC-461D-A3A3-8EEAFD9EA8F2}.Release|Any CPU.Build.0 = Release|Any CPU
		{CDB699D5-68F1-47D3-84CB-67898A23CA6B}.Debug|Any CPU.ActiveCfg = Debug|Any CPU
		{CDB699D5-68F1-47D3-84CB-67898A23CA6B}.Debug|Any CPU.Build.0 = Debug|Any CPU
		{CDB699D5-68F1-47D3-84CB-67898A23CA6B}.Release|Any CPU.ActiveCfg = Release|Any CPU
		{CDB699D5-68F1-47D3-84CB-67898A23CA6B}.Release|Any CPU.Build.0 = Release|Any CPU
		{A1075A1F-21B9-46D0-8403-65909C12B741}.Debug|Any CPU.ActiveCfg = Debug|Any CPU
		{A1075A1F-21B9-46D0-8403-65909C12B741}.Debug|Any CPU.Build.0 = Debug|Any CPU
		{A1075A1F-21B9-46D0-8403-65909C12B741}.Release|Any CPU.ActiveCfg = Release|Any CPU
		{A1075A1F-21B9-46D0-8403-65909C12B741}.Release|Any CPU.Build.0 = Release|Any CPU
		{6F4B0421-9E52-4CBF-B68D-30AA5E4E070D}.Debug|Any CPU.ActiveCfg = Debug|Any CPU
		{6F4B0421-9E52-4CBF-B68D-30AA5E4E070D}.Debug|Any CPU.Build.0 = Debug|Any CPU
		{6F4B0421-9E52-4CBF-B68D-30AA5E4E070D}.Release|Any CPU.ActiveCfg = Release|Any CPU
		{6F4B0421-9E52-4CBF-B68D-30AA5E4E070D}.Release|Any CPU.Build.0 = Release|Any CPU
		{7CB6BECE-B5E4-4228-9E17-BDAF0A852DCF}.Debug|Any CPU.ActiveCfg = Debug|Any CPU
		{7CB6BECE-B5E4-4228-9E17-BDAF0A852DCF}.Debug|Any CPU.Build.0 = Debug|Any CPU
		{7CB6BECE-B5E4-4228-9E17-BDAF0A852DCF}.Release|Any CPU.ActiveCfg = Release|Any CPU
		{7CB6BECE-B5E4-4228-9E17-BDAF0A852DCF}.Release|Any CPU.Build.0 = Release|Any CPU
		{11BA9511-00A4-4F36-9FEF-824DB7497443}.Debug|Any CPU.ActiveCfg = Debug|Any CPU
		{11BA9511-00A4-4F36-9FEF-824DB7497443}.Debug|Any CPU.Build.0 = Debug|Any CPU
		{11BA9511-00A4-4F36-9FEF-824DB7497443}.Release|Any CPU.ActiveCfg = Release|Any CPU
		{11BA9511-00A4-4F36-9FEF-824DB7497443}.Release|Any CPU.Build.0 = Release|Any CPU
		{3463D9D4-3B40-4894-AC26-931A640735E9}.Debug|Any CPU.ActiveCfg = Debug|Any CPU
		{3463D9D4-3B40-4894-AC26-931A640735E9}.Debug|Any CPU.Build.0 = Debug|Any CPU
		{3463D9D4-3B40-4894-AC26-931A640735E9}.Release|Any CPU.ActiveCfg = Release|Any CPU
		{3463D9D4-3B40-4894-AC26-931A640735E9}.Release|Any CPU.Build.0 = Release|Any CPU
		{D16D946C-93FA-4265-93BC-3697EE991CFD}.Debug|Any CPU.ActiveCfg = Debug|Any CPU
		{D16D946C-93FA-4265-93BC-3697EE991CFD}.Debug|Any CPU.Build.0 = Debug|Any CPU
		{D16D946C-93FA-4265-93BC-3697EE991CFD}.Release|Any CPU.ActiveCfg = Release|Any CPU
		{D16D946C-93FA-4265-93BC-3697EE991CFD}.Release|Any CPU.Build.0 = Release|Any CPU
		{959B1046-1CF8-44E8-8E10-6C89FFF3B6F7}.Debug|Any CPU.ActiveCfg = Debug|Any CPU
		{959B1046-1CF8-44E8-8E10-6C89FFF3B6F7}.Debug|Any CPU.Build.0 = Debug|Any CPU
		{959B1046-1CF8-44E8-8E10-6C89FFF3B6F7}.Release|Any CPU.ActiveCfg = Release|Any CPU
		{959B1046-1CF8-44E8-8E10-6C89FFF3B6F7}.Release|Any CPU.Build.0 = Release|Any CPU
		{7055EB10-60CA-496B-8BE6-08F01CB7E512}.Debug|Any CPU.ActiveCfg = Debug|Any CPU
		{7055EB10-60CA-496B-8BE6-08F01CB7E512}.Debug|Any CPU.Build.0 = Debug|Any CPU
		{7055EB10-60CA-496B-8BE6-08F01CB7E512}.Release|Any CPU.ActiveCfg = Release|Any CPU
		{7055EB10-60CA-496B-8BE6-08F01CB7E512}.Release|Any CPU.Build.0 = Release|Any CPU
		{10E5AE45-9256-45DA-AAAA-5EB1CB2CB496}.Debug|Any CPU.ActiveCfg = Debug|Any CPU
		{10E5AE45-9256-45DA-AAAA-5EB1CB2CB496}.Debug|Any CPU.Build.0 = Debug|Any CPU
		{10E5AE45-9256-45DA-AAAA-5EB1CB2CB496}.Release|Any CPU.ActiveCfg = Release|Any CPU
		{10E5AE45-9256-45DA-AAAA-5EB1CB2CB496}.Release|Any CPU.Build.0 = Release|Any CPU
		{D9725D6E-EC2B-4E60-AD1E-05A5487CFD51}.Debug|Any CPU.ActiveCfg = Debug|Any CPU
		{D9725D6E-EC2B-4E60-AD1E-05A5487CFD51}.Debug|Any CPU.Build.0 = Debug|Any CPU
		{D9725D6E-EC2B-4E60-AD1E-05A5487CFD51}.Release|Any CPU.ActiveCfg = Release|Any CPU
		{D9725D6E-EC2B-4E60-AD1E-05A5487CFD51}.Release|Any CPU.Build.0 = Release|Any CPU
		{6DDC34FB-46AD-45F7-BED4-0528F0448480}.Debug|Any CPU.ActiveCfg = Debug|Any CPU
		{6DDC34FB-46AD-45F7-BED4-0528F0448480}.Debug|Any CPU.Build.0 = Debug|Any CPU
		{6DDC34FB-46AD-45F7-BED4-0528F0448480}.Release|Any CPU.ActiveCfg = Release|Any CPU
		{6DDC34FB-46AD-45F7-BED4-0528F0448480}.Release|Any CPU.Build.0 = Release|Any CPU
		{CC4FF281-C8F0-4F7A-A1E7-5FE2E5E8FB17}.Debug|Any CPU.ActiveCfg = Debug|Any CPU
		{CC4FF281-C8F0-4F7A-A1E7-5FE2E5E8FB17}.Debug|Any CPU.Build.0 = Debug|Any CPU
		{CC4FF281-C8F0-4F7A-A1E7-5FE2E5E8FB17}.Release|Any CPU.ActiveCfg = Release|Any CPU
		{CC4FF281-C8F0-4F7A-A1E7-5FE2E5E8FB17}.Release|Any CPU.Build.0 = Release|Any CPU
		{3728730D-0486-4804-AB34-BF91A6EC3765}.Debug|Any CPU.ActiveCfg = Debug|Any CPU
		{3728730D-0486-4804-AB34-BF91A6EC3765}.Debug|Any CPU.Build.0 = Debug|Any CPU
		{3728730D-0486-4804-AB34-BF91A6EC3765}.Release|Any CPU.ActiveCfg = Release|Any CPU
		{3728730D-0486-4804-AB34-BF91A6EC3765}.Release|Any CPU.Build.0 = Release|Any CPU
		{5B6D121E-EDE8-4A82-B53E-F5313238912C}.Debug|Any CPU.ActiveCfg = Debug|Any CPU
		{5B6D121E-EDE8-4A82-B53E-F5313238912C}.Debug|Any CPU.Build.0 = Debug|Any CPU
		{5B6D121E-EDE8-4A82-B53E-F5313238912C}.Release|Any CPU.ActiveCfg = Release|Any CPU
		{5B6D121E-EDE8-4A82-B53E-F5313238912C}.Release|Any CPU.Build.0 = Release|Any CPU
	EndGlobalSection
	GlobalSection(SolutionProperties) = preSolution
		HideSolutionNode = FALSE
	EndGlobalSection
	GlobalSection(ExtensibilityGlobals) = postSolution
		SolutionGuid = {7E2FD83E-6C5A-47B8-A6BF-E6A28C8453D7}
	EndGlobalSection
EndGlobal
