
Microsoft Visual Studio Solution File, Format Version 12.00
# Visual Studio 2012
Project("{FAE04EC0-301F-11D3-BF4B-00C04F79EFBC}") = "Ejercicio01", "Ejercicio01\Ejercicio01.csproj", "{885EB94F-54C1-424D-9F21-0208CEE953D0}"
EndProject
Project("{FAE04EC0-301F-11D3-BF4B-00C04F79EFBC}") = "Ejercicio02", "Ejercicio02\Ejercicio02.csproj", "{8BB0CE70-2D92-48EC-9617-B7C57D662952}"
EndProject
Project("{FAE04EC0-301F-11D3-BF4B-00C04F79EFBC}") = "Clase_1_Laboratorio", "Clase_1_Laboratorio\Clase_1_Laboratorio.csproj", "{4B3F3A80-EA76-4E2C-9229-4E657DC819FA}"
EndProject
Project("{FAE04EC0-301F-11D3-BF4B-00C04F79EFBC}") = "EntidadSello", "EntidadSello\EntidadSello.csproj", "{E95BE75D-20D7-4F74-B59F-1EBA388C0FAA}"
EndProject
Project("{FAE04EC0-301F-11D3-BF4B-00C04F79EFBC}") = "Ejercicio18", "Ejercicio18\Ejercicio18.csproj", "{9CCBEBF5-1451-466A-A86D-C4D5455D7400}"
EndProject
Project("{FAE04EC0-301F-11D3-BF4B-00C04F79EFBC}") = "Ejercicio03", "Ejercicio03\Ejercicio03.csproj", "{57E1526D-8FC0-43D2-93E9-75CCE6D854CC}"
EndProject
Project("{FAE04EC0-301F-11D3-BF4B-00C04F79EFBC}") = "Ejercicio04", "Ejercicio04\Ejercicio04.csproj", "{C67054E3-85DC-461D-A3A3-8EEAFD9EA8F2}"
EndProject
Project("{FAE04EC0-301F-11D3-BF4B-00C04F79EFBC}") = "Ejercicio05", "Ejercicio05\Ejercicio05.csproj", "{CDB699D5-68F1-47D3-84CB-67898A23CA6B}"
EndProject
Project("{FAE04EC0-301F-11D3-BF4B-00C04F79EFBC}") = "Ejercicio06", "Ejercicio06\Ejercicio06.csproj", "{A1075A1F-21B9-46D0-8403-65909C12B741}"
EndProject
Project("{FAE04EC0-301F-11D3-BF4B-00C04F79EFBC}") = "Ejercicio07", "Ejercicio07\Ejercicio07.csproj", "{6F4B0421-9E52-4CBF-B68D-30AA5E4E070D}"
EndProject
Project("{FAE04EC0-301F-11D3-BF4B-00C04F79EFBC}") = "Ejercicio08", "Ejercicio08\Ejercicio08.csproj", "{7CB6BECE-B5E4-4228-9E17-BDAF0A852DCF}"
EndProject
Project("{FAE04EC0-301F-11D3-BF4B-00C04F79EFBC}") = "Ejercicio09", "Ejercicio09\Ejercicio09.csproj", "{11BA9511-00A4-4F36-9FEF-824DB7497443}"
EndProject
Project("{FAE04EC0-301F-11D3-BF4B-00C04F79EFBC}") = "Ejercicio10", "Ejercicio10\Ejercicio10.csproj", "{3463D9D4-3B40-4894-AC26-931A640735E9}"
EndProject
Project("{FAE04EC0-301F-11D3-BF4B-00C04F79EFBC}") = "Ejercicio12", "Ejercicio12\Ejercicio12.csproj", "{D16D946C-93FA-4265-93BC-3697EE991CFD}"
EndProject
Project("{FAE04EC0-301F-11D3-BF4B-00C04F79EFBC}") = "Clase_2_Lab", "Clase_2_Lab\Clase_2_Lab.csproj", "{959B1046-1CF8-44E8-8E10-6C89FFF3B6F7}"
EndProject
Project("{FAE04EC0-301F-11D3-BF4B-00C04F79EFBC}") = "Sobrecarga_Constructores", "ClassLibrary1\Sobrecarga_Constructores.csproj", "{7055EB10-60CA-496B-8BE6-08F01CB7E512}"
EndProject
Project("{FAE04EC0-301F-11D3-BF4B-00C04F79EFBC}") = "CosaForm", "CosaForm\CosaForm.csproj", "{10E5AE45-9256-45DA-AAAA-5EB1CB2CB496}"
EndProject
Project("{FAE04EC0-301F-11D3-BF4B-00C04F79EFBC}") = "Libreria_Clase_Arrays", "Libreria_Clase_Arrays\Libreria_Clase_Arrays.csproj", "{D9725D6E-EC2B-4E60-AD1E-05A5487CFD51}"
EndProject
Project("{FAE04EC0-301F-11D3-BF4B-00C04F79EFBC}") = "Esto no es una prueba de conversores", "Esto no es una prueba de conversores\Esto no es una prueba de conversores.csproj", "{6DDC34FB-46AD-45F7-BED4-0528F0448480}"
EndProject
Project("{FAE04EC0-301F-11D3-BF4B-00C04F79EFBC}") = "Agenda", "Agenda\Agenda.csproj", "{CC4FF281-C8F0-4F7A-A1E7-5FE2E5E8FB17}"
EndProject
Project("{FAE04EC0-301F-11D3-BF4B-00C04F79EFBC}") = "Practica_TP1", "Practica_Parcial\Practica_TP1.csproj", "{3728730D-0486-4804-AB34-BF91A6EC3765}"
EndProject
Project("{FAE04EC0-301F-11D3-BF4B-00C04F79EFBC}") = "Entidades.Clase_7_Ejercicio_29", "Entidades.Clase_7_Ejercicio_29\Entidades.Clase_7_Ejercicio_29.csproj", "{5B6D121E-EDE8-4A82-B53E-F5313238912C}"
EndProject
Project("{FAE04EC0-301F-11D3-BF4B-00C04F79EFBC}") = "Equipo_Jugador", "Equipo_Jugador\Equipo_Jugador.csproj", "{1525EDE4-03DA-437D-8957-6A2A5CE59E12}"
EndProject
Project("{FAE04EC0-301F-11D3-BF4B-00C04F79EFBC}") = "Ejercicio13", "Ejercicio13\Ejercicio13.csproj", "{6A26F5D8-56EA-4CBB-B3EA-43100AF2CCDB}"
EndProject
Project("{FAE04EC0-301F-11D3-BF4B-00C04F79EFBC}") = "Ejercicio14", "Ejercicio14\Ejercicio14.csproj", "{30C082E2-9A87-4A88-B3FC-5EAC220C3BD2}"
EndProject
Project("{FAE04EC0-301F-11D3-BF4B-00C04F79EFBC}") = "Probando_Referencias", "Probando_Referencias\Probando_Referencias.csproj", "{B6AAA586-DCDD-408D-A14C-77DCC0AAED2F}"
EndProject
Project("{FAE04EC0-301F-11D3-BF4B-00C04F79EFBC}") = "Clase_Herencia", "Clase_Herencia\Clase_Herencia.csproj", "{464821F5-C8E6-4B01-A073-DA64761D2CC8}"
EndProject
Project("{FAE04EC0-301F-11D3-BF4B-00C04F79EFBC}") = "Main de Prueba Herencia", "Main de Prueba Herencia\Main de Prueba Herencia.csproj", "{6D3A33EF-10A4-4C75-A21D-25131D68108F}"
EndProject
Project("{FAE04EC0-301F-11D3-BF4B-00C04F79EFBC}") = "Practica_Parcial_1", "Practica_Parcial_1\Practica_Parcial_1.csproj", "{9DF01360-504D-423D-B216-EA1A7A669E67}"
EndProject
Project("{FAE04EC0-301F-11D3-BF4B-00C04F79EFBC}") = "Entidades_Practica_Parcial1", "Entidades_Practica_Parcial1\Entidades_Practica_Parcial1.csproj", "{7C719966-73CC-4329-BBFB-F07401F1A147}"
EndProject
Project("{FAE04EC0-301F-11D3-BF4B-00C04F79EFBC}") = "Clase_Excepciones", "Clase_Excepciones\Clase_Excepciones.csproj", "{14B2A1E2-AEAA-4D43-B83F-C4038AD1E913}"
EndProject
Project("{FAE04EC0-301F-11D3-BF4B-00C04F79EFBC}") = "Libreria_Clase_Excepciones", "Libreria_Clase_Excepciones\Libreria_Clase_Excepciones.csproj", "{4B5E85E5-E517-4871-84F6-7A2E8A71F463}"
EndProject
Project("{FAE04EC0-301F-11D3-BF4B-00C04F79EFBC}") = "Entidades_Clase15", "Entidades_Clase15\Entidades_Clase15.csproj", "{5D7825B7-A893-4B3A-977E-B887B2B49119}"
EndProject
Project("{FAE04EC0-301F-11D3-BF4B-00C04F79EFBC}") = "TestEntidades_Clase15", "TestEntidades_Clase15\TestEntidades_Clase15.csproj", "{DA90E6E2-C307-4607-9328-6F97FE89A87C}"
EndProject
Project("{FAE04EC0-301F-11D3-BF4B-00C04F79EFBC}") = "TestEntidades_Clase15_Cocinas", "TestEntidades_Clase15_Cocinas\TestEntidades_Clase15_Cocinas.csproj", "{50C2F7E7-1317-4B60-9900-88ED09CCD7A9}"
EndProject
Project("{FAE04EC0-301F-11D3-BF4B-00C04F79EFBC}") = "Practica_Interface", "Practica_Interface\Practica_Interface.csproj", "{36787A85-7921-42BC-8E26-5E5AD549F677}"
EndProject
Project("{FAE04EC0-301F-11D3-BF4B-00C04F79EFBC}") = "Practica_Interfaz_Libreria", "Practica_Interfaz_Libreria\Practica_Interfaz_Libreria.csproj", "{BA2DD0EF-F076-44BC-81A4-9622FE77A7FF}"
EndProject
Global
	GlobalSection(SolutionConfigurationPlatforms) = preSolution
		Debug|Any CPU = Debug|Any CPU
		Release|Any CPU = Release|Any CPU
	EndGlobalSection
	GlobalSection(ProjectConfigurationPlatforms) = postSolution
		{885EB94F-54C1-424D-9F21-0208CEE953D0}.Debug|Any CPU.ActiveCfg = Debug|Any CPU
		{885EB94F-54C1-424D-9F21-0208CEE953D0}.Debug|Any CPU.Build.0 = Debug|Any CPU
		{885EB94F-54C1-424D-9F21-0208CEE953D0}.Release|Any CPU.ActiveCfg = Release|Any CPU
		{885EB94F-54C1-424D-9F21-0208CEE953D0}.Release|Any CPU.Build.0 = Release|Any CPU
		{8BB0CE70-2D92-48EC-9617-B7C57D662952}.Debug|Any CPU.ActiveCfg = Debug|Any CPU
		{8BB0CE70-2D92-48EC-9617-B7C57D662952}.Debug|Any CPU.Build.0 = Debug|Any CPU
		{8BB0CE70-2D92-48EC-9617-B7C57D662952}.Release|Any CPU.ActiveCfg = Release|Any CPU
		{8BB0CE70-2D92-48EC-9617-B7C57D662952}.Release|Any CPU.Build.0 = Release|Any CPU
		{4B3F3A80-EA76-4E2C-9229-4E657DC819FA}.Debug|Any CPU.ActiveCfg = Debug|Any CPU
		{4B3F3A80-EA76-4E2C-9229-4E657DC819FA}.Debug|Any CPU.Build.0 = Debug|Any CPU
		{4B3F3A80-EA76-4E2C-9229-4E657DC819FA}.Release|Any CPU.ActiveCfg = Release|Any CPU
		{4B3F3A80-EA76-4E2C-9229-4E657DC819FA}.Release|Any CPU.Build.0 = Release|Any CPU
		{E95BE75D-20D7-4F74-B59F-1EBA388C0FAA}.Debug|Any CPU.ActiveCfg = Debug|Any CPU
		{E95BE75D-20D7-4F74-B59F-1EBA388C0FAA}.Debug|Any CPU.Build.0 = Debug|Any CPU
		{E95BE75D-20D7-4F74-B59F-1EBA388C0FAA}.Release|Any CPU.ActiveCfg = Release|Any CPU
		{E95BE75D-20D7-4F74-B59F-1EBA388C0FAA}.Release|Any CPU.Build.0 = Release|Any CPU
		{9CCBEBF5-1451-466A-A86D-C4D5455D7400}.Debug|Any CPU.ActiveCfg = Debug|Any CPU
		{9CCBEBF5-1451-466A-A86D-C4D5455D7400}.Debug|Any CPU.Build.0 = Debug|Any CPU
		{9CCBEBF5-1451-466A-A86D-C4D5455D7400}.Release|Any CPU.ActiveCfg = Release|Any CPU
		{9CCBEBF5-1451-466A-A86D-C4D5455D7400}.Release|Any CPU.Build.0 = Release|Any CPU
		{57E1526D-8FC0-43D2-93E9-75CCE6D854CC}.Debug|Any CPU.ActiveCfg = Debug|Any CPU
		{57E1526D-8FC0-43D2-93E9-75CCE6D854CC}.Debug|Any CPU.Build.0 = Debug|Any CPU
		{57E1526D-8FC0-43D2-93E9-75CCE6D854CC}.Release|Any CPU.ActiveCfg = Release|Any CPU
		{57E1526D-8FC0-43D2-93E9-75CCE6D854CC}.Release|Any CPU.Build.0 = Release|Any CPU
		{C67054E3-85DC-461D-A3A3-8EEAFD9EA8F2}.Debug|Any CPU.ActiveCfg = Debug|Any CPU
		{C67054E3-85DC-461D-A3A3-8EEAFD9EA8F2}.Debug|Any CPU.Build.0 = Debug|Any CPU
		{C67054E3-85DC-461D-A3A3-8EEAFD9EA8F2}.Release|Any CPU.ActiveCfg = Release|Any CPU
		{C67054E3-85DC-461D-A3A3-8EEAFD9EA8F2}.Release|Any CPU.Build.0 = Release|Any CPU
		{CDB699D5-68F1-47D3-84CB-67898A23CA6B}.Debug|Any CPU.ActiveCfg = Debug|Any CPU
		{CDB699D5-68F1-47D3-84CB-67898A23CA6B}.Debug|Any CPU.Build.0 = Debug|Any CPU
		{CDB699D5-68F1-47D3-84CB-67898A23CA6B}.Release|Any CPU.ActiveCfg = Release|Any CPU
		{CDB699D5-68F1-47D3-84CB-67898A23CA6B}.Release|Any CPU.Build.0 = Release|Any CPU
		{A1075A1F-21B9-46D0-8403-65909C12B741}.Debug|Any CPU.ActiveCfg = Debug|Any CPU
		{A1075A1F-21B9-46D0-8403-65909C12B741}.Debug|Any CPU.Build.0 = Debug|Any CPU
		{A1075A1F-21B9-46D0-8403-65909C12B741}.Release|Any CPU.ActiveCfg = Release|Any CPU
		{A1075A1F-21B9-46D0-8403-65909C12B741}.Release|Any CPU.Build.0 = Release|Any CPU
		{6F4B0421-9E52-4CBF-B68D-30AA5E4E070D}.Debug|Any CPU.ActiveCfg = Debug|Any CPU
		{6F4B0421-9E52-4CBF-B68D-30AA5E4E070D}.Debug|Any CPU.Build.0 = Debug|Any CPU
		{6F4B0421-9E52-4CBF-B68D-30AA5E4E070D}.Release|Any CPU.ActiveCfg = Release|Any CPU
		{6F4B0421-9E52-4CBF-B68D-30AA5E4E070D}.Release|Any CPU.Build.0 = Release|Any CPU
		{7CB6BECE-B5E4-4228-9E17-BDAF0A852DCF}.Debug|Any CPU.ActiveCfg = Debug|Any CPU
		{7CB6BECE-B5E4-4228-9E17-BDAF0A852DCF}.Debug|Any CPU.Build.0 = Debug|Any CPU
		{7CB6BECE-B5E4-4228-9E17-BDAF0A852DCF}.Release|Any CPU.ActiveCfg = Release|Any CPU
		{7CB6BECE-B5E4-4228-9E17-BDAF0A852DCF}.Release|Any CPU.Build.0 = Release|Any CPU
		{11BA9511-00A4-4F36-9FEF-824DB7497443}.Debug|Any CPU.ActiveCfg = Debug|Any CPU
		{11BA9511-00A4-4F36-9FEF-824DB7497443}.Debug|Any CPU.Build.0 = Debug|Any CPU
		{11BA9511-00A4-4F36-9FEF-824DB7497443}.Release|Any CPU.ActiveCfg = Release|Any CPU
		{11BA9511-00A4-4F36-9FEF-824DB7497443}.Release|Any CPU.Build.0 = Release|Any CPU
		{3463D9D4-3B40-4894-AC26-931A640735E9}.Debug|Any CPU.ActiveCfg = Debug|Any CPU
		{3463D9D4-3B40-4894-AC26-931A640735E9}.Debug|Any CPU.Build.0 = Debug|Any CPU
		{3463D9D4-3B40-4894-AC26-931A640735E9}.Release|Any CPU.ActiveCfg = Release|Any CPU
		{3463D9D4-3B40-4894-AC26-931A640735E9}.Release|Any CPU.Build.0 = Release|Any CPU
		{D16D946C-93FA-4265-93BC-3697EE991CFD}.Debug|Any CPU.ActiveCfg = Debug|Any CPU
		{D16D946C-93FA-4265-93BC-3697EE991CFD}.Debug|Any CPU.Build.0 = Debug|Any CPU
		{D16D946C-93FA-4265-93BC-3697EE991CFD}.Release|Any CPU.ActiveCfg = Release|Any CPU
		{D16D946C-93FA-4265-93BC-3697EE991CFD}.Release|Any CPU.Build.0 = Release|Any CPU
		{959B1046-1CF8-44E8-8E10-6C89FFF3B6F7}.Debug|Any CPU.ActiveCfg = Debug|Any CPU
		{959B1046-1CF8-44E8-8E10-6C89FFF3B6F7}.Debug|Any CPU.Build.0 = Debug|Any CPU
		{959B1046-1CF8-44E8-8E10-6C89FFF3B6F7}.Release|Any CPU.ActiveCfg = Release|Any CPU
		{959B1046-1CF8-44E8-8E10-6C89FFF3B6F7}.Release|Any CPU.Build.0 = Release|Any CPU
		{7055EB10-60CA-496B-8BE6-08F01CB7E512}.Debug|Any CPU.ActiveCfg = Debug|Any CPU
		{7055EB10-60CA-496B-8BE6-08F01CB7E512}.Debug|Any CPU.Build.0 = Debug|Any CPU
		{7055EB10-60CA-496B-8BE6-08F01CB7E512}.Release|Any CPU.ActiveCfg = Release|Any CPU
		{7055EB10-60CA-496B-8BE6-08F01CB7E512}.Release|Any CPU.Build.0 = Release|Any CPU
		{10E5AE45-9256-45DA-AAAA-5EB1CB2CB496}.Debug|Any CPU.ActiveCfg = Debug|Any CPU
		{10E5AE45-9256-45DA-AAAA-5EB1CB2CB496}.Debug|Any CPU.Build.0 = Debug|Any CPU
		{10E5AE45-9256-45DA-AAAA-5EB1CB2CB496}.Release|Any CPU.ActiveCfg = Release|Any CPU
		{10E5AE45-9256-45DA-AAAA-5EB1CB2CB496}.Release|Any CPU.Build.0 = Release|Any CPU
		{D9725D6E-EC2B-4E60-AD1E-05A5487CFD51}.Debug|Any CPU.ActiveCfg = Debug|Any CPU
		{D9725D6E-EC2B-4E60-AD1E-05A5487CFD51}.Debug|Any CPU.Build.0 = Debug|Any CPU
		{D9725D6E-EC2B-4E60-AD1E-05A5487CFD51}.Release|Any CPU.ActiveCfg = Release|Any CPU
		{D9725D6E-EC2B-4E60-AD1E-05A5487CFD51}.Release|Any CPU.Build.0 = Release|Any CPU
		{6DDC34FB-46AD-45F7-BED4-0528F0448480}.Debug|Any CPU.ActiveCfg = Debug|Any CPU
		{6DDC34FB-46AD-45F7-BED4-0528F0448480}.Debug|Any CPU.Build.0 = Debug|Any CPU
		{6DDC34FB-46AD-45F7-BED4-0528F0448480}.Release|Any CPU.ActiveCfg = Release|Any CPU
		{6DDC34FB-46AD-45F7-BED4-0528F0448480}.Release|Any CPU.Build.0 = Release|Any CPU
		{CC4FF281-C8F0-4F7A-A1E7-5FE2E5E8FB17}.Debug|Any CPU.ActiveCfg = Debug|Any CPU
		{CC4FF281-C8F0-4F7A-A1E7-5FE2E5E8FB17}.Debug|Any CPU.Build.0 = Debug|Any CPU
		{CC4FF281-C8F0-4F7A-A1E7-5FE2E5E8FB17}.Release|Any CPU.ActiveCfg = Release|Any CPU
		{CC4FF281-C8F0-4F7A-A1E7-5FE2E5E8FB17}.Release|Any CPU.Build.0 = Release|Any CPU
		{3728730D-0486-4804-AB34-BF91A6EC3765}.Debug|Any CPU.ActiveCfg = Debug|Any CPU
		{3728730D-0486-4804-AB34-BF91A6EC3765}.Debug|Any CPU.Build.0 = Debug|Any CPU
		{3728730D-0486-4804-AB34-BF91A6EC3765}.Release|Any CPU.ActiveCfg = Release|Any CPU
		{3728730D-0486-4804-AB34-BF91A6EC3765}.Release|Any CPU.Build.0 = Release|Any CPU
		{5B6D121E-EDE8-4A82-B53E-F5313238912C}.Debug|Any CPU.ActiveCfg = Debug|Any CPU
		{5B6D121E-EDE8-4A82-B53E-F5313238912C}.Debug|Any CPU.Build.0 = Debug|Any CPU
		{5B6D121E-EDE8-4A82-B53E-F5313238912C}.Release|Any CPU.ActiveCfg = Release|Any CPU
		{5B6D121E-EDE8-4A82-B53E-F5313238912C}.Release|Any CPU.Build.0 = Release|Any CPU
		{1525EDE4-03DA-437D-8957-6A2A5CE59E12}.Debug|Any CPU.ActiveCfg = Debug|Any CPU
		{1525EDE4-03DA-437D-8957-6A2A5CE59E12}.Debug|Any CPU.Build.0 = Debug|Any CPU
		{1525EDE4-03DA-437D-8957-6A2A5CE59E12}.Release|Any CPU.ActiveCfg = Release|Any CPU
		{1525EDE4-03DA-437D-8957-6A2A5CE59E12}.Release|Any CPU.Build.0 = Release|Any CPU
		{6A26F5D8-56EA-4CBB-B3EA-43100AF2CCDB}.Debug|Any CPU.ActiveCfg = Debug|Any CPU
		{6A26F5D8-56EA-4CBB-B3EA-43100AF2CCDB}.Debug|Any CPU.Build.0 = Debug|Any CPU
		{6A26F5D8-56EA-4CBB-B3EA-43100AF2CCDB}.Release|Any CPU.ActiveCfg = Release|Any CPU
		{6A26F5D8-56EA-4CBB-B3EA-43100AF2CCDB}.Release|Any CPU.Build.0 = Release|Any CPU
		{30C082E2-9A87-4A88-B3FC-5EAC220C3BD2}.Debug|Any CPU.ActiveCfg = Debug|Any CPU
		{30C082E2-9A87-4A88-B3FC-5EAC220C3BD2}.Debug|Any CPU.Build.0 = Debug|Any CPU
		{30C082E2-9A87-4A88-B3FC-5EAC220C3BD2}.Release|Any CPU.ActiveCfg = Release|Any CPU
		{30C082E2-9A87-4A88-B3FC-5EAC220C3BD2}.Release|Any CPU.Build.0 = Release|Any CPU
		{B6AAA586-DCDD-408D-A14C-77DCC0AAED2F}.Debug|Any CPU.ActiveCfg = Debug|Any CPU
		{B6AAA586-DCDD-408D-A14C-77DCC0AAED2F}.Debug|Any CPU.Build.0 = Debug|Any CPU
		{B6AAA586-DCDD-408D-A14C-77DCC0AAED2F}.Release|Any CPU.ActiveCfg = Release|Any CPU
		{B6AAA586-DCDD-408D-A14C-77DCC0AAED2F}.Release|Any CPU.Build.0 = Release|Any CPU
		{464821F5-C8E6-4B01-A073-DA64761D2CC8}.Debug|Any CPU.ActiveCfg = Debug|Any CPU
		{464821F5-C8E6-4B01-A073-DA64761D2CC8}.Debug|Any CPU.Build.0 = Debug|Any CPU
		{464821F5-C8E6-4B01-A073-DA64761D2CC8}.Release|Any CPU.ActiveCfg = Release|Any CPU
		{464821F5-C8E6-4B01-A073-DA64761D2CC8}.Release|Any CPU.Build.0 = Release|Any CPU
		{6D3A33EF-10A4-4C75-A21D-25131D68108F}.Debug|Any CPU.ActiveCfg = Debug|Any CPU
		{6D3A33EF-10A4-4C75-A21D-25131D68108F}.Debug|Any CPU.Build.0 = Debug|Any CPU
		{6D3A33EF-10A4-4C75-A21D-25131D68108F}.Release|Any CPU.ActiveCfg = Release|Any CPU
		{6D3A33EF-10A4-4C75-A21D-25131D68108F}.Release|Any CPU.Build.0 = Release|Any CPU
		{9DF01360-504D-423D-B216-EA1A7A669E67}.Debug|Any CPU.ActiveCfg = Debug|Any CPU
		{9DF01360-504D-423D-B216-EA1A7A669E67}.Debug|Any CPU.Build.0 = Debug|Any CPU
		{9DF01360-504D-423D-B216-EA1A7A669E67}.Release|Any CPU.ActiveCfg = Release|Any CPU
		{9DF01360-504D-423D-B216-EA1A7A669E67}.Release|Any CPU.Build.0 = Release|Any CPU
		{7C719966-73CC-4329-BBFB-F07401F1A147}.Debug|Any CPU.ActiveCfg = Debug|Any CPU
		{7C719966-73CC-4329-BBFB-F07401F1A147}.Debug|Any CPU.Build.0 = Debug|Any CPU
		{7C719966-73CC-4329-BBFB-F07401F1A147}.Release|Any CPU.ActiveCfg = Release|Any CPU
		{7C719966-73CC-4329-BBFB-F07401F1A147}.Release|Any CPU.Build.0 = Release|Any CPU
		{14B2A1E2-AEAA-4D43-B83F-C4038AD1E913}.Debug|Any CPU.ActiveCfg = Debug|Any CPU
		{14B2A1E2-AEAA-4D43-B83F-C4038AD1E913}.Debug|Any CPU.Build.0 = Debug|Any CPU
		{14B2A1E2-AEAA-4D43-B83F-C4038AD1E913}.Release|Any CPU.ActiveCfg = Release|Any CPU
		{14B2A1E2-AEAA-4D43-B83F-C4038AD1E913}.Release|Any CPU.Build.0 = Release|Any CPU
		{4B5E85E5-E517-4871-84F6-7A2E8A71F463}.Debug|Any CPU.ActiveCfg = Debug|Any CPU
		{4B5E85E5-E517-4871-84F6-7A2E8A71F463}.Debug|Any CPU.Build.0 = Debug|Any CPU
		{4B5E85E5-E517-4871-84F6-7A2E8A71F463}.Release|Any CPU.ActiveCfg = Release|Any CPU
		{4B5E85E5-E517-4871-84F6-7A2E8A71F463}.Release|Any CPU.Build.0 = Release|Any CPU
		{5D7825B7-A893-4B3A-977E-B887B2B49119}.Debug|Any CPU.ActiveCfg = Debug|Any CPU
		{5D7825B7-A893-4B3A-977E-B887B2B49119}.Debug|Any CPU.Build.0 = Debug|Any CPU
		{5D7825B7-A893-4B3A-977E-B887B2B49119}.Release|Any CPU.ActiveCfg = Release|Any CPU
		{5D7825B7-A893-4B3A-977E-B887B2B49119}.Release|Any CPU.Build.0 = Release|Any CPU
		{DA90E6E2-C307-4607-9328-6F97FE89A87C}.Debug|Any CPU.ActiveCfg = Debug|Any CPU
		{DA90E6E2-C307-4607-9328-6F97FE89A87C}.Debug|Any CPU.Build.0 = Debug|Any CPU
		{DA90E6E2-C307-4607-9328-6F97FE89A87C}.Release|Any CPU.ActiveCfg = Release|Any CPU
		{DA90E6E2-C307-4607-9328-6F97FE89A87C}.Release|Any CPU.Build.0 = Release|Any CPU
		{50C2F7E7-1317-4B60-9900-88ED09CCD7A9}.Debug|Any CPU.ActiveCfg = Debug|Any CPU
		{50C2F7E7-1317-4B60-9900-88ED09CCD7A9}.Debug|Any CPU.Build.0 = Debug|Any CPU
		{50C2F7E7-1317-4B60-9900-88ED09CCD7A9}.Release|Any CPU.ActiveCfg = Release|Any CPU
		{50C2F7E7-1317-4B60-9900-88ED09CCD7A9}.Release|Any CPU.Build.0 = Release|Any CPU
		{36787A85-7921-42BC-8E26-5E5AD549F677}.Debug|Any CPU.ActiveCfg = Debug|Any CPU
		{36787A85-7921-42BC-8E26-5E5AD549F677}.Debug|Any CPU.Build.0 = Debug|Any CPU
		{36787A85-7921-42BC-8E26-5E5AD549F677}.Release|Any CPU.ActiveCfg = Release|Any CPU
		{36787A85-7921-42BC-8E26-5E5AD549F677}.Release|Any CPU.Build.0 = Release|Any CPU
		{BA2DD0EF-F076-44BC-81A4-9622FE77A7FF}.Debug|Any CPU.ActiveCfg = Debug|Any CPU
		{BA2DD0EF-F076-44BC-81A4-9622FE77A7FF}.Debug|Any CPU.Build.0 = Debug|Any CPU
		{BA2DD0EF-F076-44BC-81A4-9622FE77A7FF}.Release|Any CPU.ActiveCfg = Release|Any CPU
		{BA2DD0EF-F076-44BC-81A4-9622FE77A7FF}.Release|Any CPU.Build.0 = Release|Any CPU
	EndGlobalSection
	GlobalSection(SolutionProperties) = preSolution
		HideSolutionNode = FALSE
	EndGlobalSection
	GlobalSection(ExtensibilityGlobals) = postSolution
		SolutionGuid = {7E2FD83E-6C5A-47B8-A6BF-E6A28C8453D7}
	EndGlobalSection
EndGlobal
