
Microsoft Visual Studio Solution File, Format Version 12.00
# Visual Studio Express 2012 for Windows Desktop
Project("{FAE04EC0-301F-11D3-BF4B-00C04F79EFBC}") = "Spend-A-Lot", "Spend-A-Lot\Spend-A-Lot.csproj", "{8B81FAD2-2FE2-4709-84D3-06D164ABF2AA}"
EndProject
Project("{FAE04EC0-301F-11D3-BF4B-00C04F79EFBC}") = "Entidades", "Entidades\Entidades.csproj", "{DE997507-486E-41DC-B622-CA61B9DDC10B}"
EndProject
Global
	GlobalSection(SolutionConfigurationPlatforms) = preSolution
		Debug|Any CPU = Debug|Any CPU
		Release|Any CPU = Release|Any CPU
	EndGlobalSection
	GlobalSection(ProjectConfigurationPlatforms) = postSolution
		{8B81FAD2-2FE2-4709-84D3-06D164ABF2AA}.Debug|Any CPU.ActiveCfg = Debug|Any CPU
		{8B81FAD2-2FE2-4709-84D3-06D164ABF2AA}.Debug|Any CPU.Build.0 = Debug|Any CPU
		{8B81FAD2-2FE2-4709-84D3-06D164ABF2AA}.Release|Any CPU.ActiveCfg = Release|Any CPU
		{8B81FAD2-2FE2-4709-84D3-06D164ABF2AA}.Release|Any CPU.Build.0 = Release|Any CPU
		{DE997507-486E-41DC-B622-CA61B9DDC10B}.Debug|Any CPU.ActiveCfg = Debug|Any CPU
		{DE997507-486E-41DC-B622-CA61B9DDC10B}.Debug|Any CPU.Build.0 = Debug|Any CPU
		{DE997507-486E-41DC-B622-CA61B9DDC10B}.Release|Any CPU.ActiveCfg = Release|Any CPU
		{DE997507-486E-41DC-B622-CA61B9DDC10B}.Release|Any CPU.Build.0 = Release|Any CPU
	EndGlobalSection
	GlobalSection(SolutionProperties) = preSolution
		HideSolutionNode = FALSE
	EndGlobalSection
EndGlobal
