
Microsoft Visual Studio Solution File, Format Version 12.00
# Visual Studio Express 2012 for Windows Desktop
Project("{FAE04EC0-301F-11D3-BF4B-00C04F79EFBC}") = "Pruebas_Random", "Pruebas_Random\Pruebas_Random.csproj", "{3F43677E-BBAF-47E4-8280-8DC0FDD45C64}"
EndProject
Project("{FAE04EC0-301F-11D3-BF4B-00C04F79EFBC}") = "Entidades", "Entidades\Entidades.csproj", "{D870C010-607F-4000-8B3D-90C43D77DB6F}"
EndProject
Global
	GlobalSection(SolutionConfigurationPlatforms) = preSolution
		Debug|Any CPU = Debug|Any CPU
		Release|Any CPU = Release|Any CPU
	EndGlobalSection
	GlobalSection(ProjectConfigurationPlatforms) = postSolution
		{3F43677E-BBAF-47E4-8280-8DC0FDD45C64}.Debug|Any CPU.ActiveCfg = Debug|Any CPU
		{3F43677E-BBAF-47E4-8280-8DC0FDD45C64}.Debug|Any CPU.Build.0 = Debug|Any CPU
		{3F43677E-BBAF-47E4-8280-8DC0FDD45C64}.Release|Any CPU.ActiveCfg = Release|Any CPU
		{3F43677E-BBAF-47E4-8280-8DC0FDD45C64}.Release|Any CPU.Build.0 = Release|Any CPU
		{D870C010-607F-4000-8B3D-90C43D77DB6F}.Debug|Any CPU.ActiveCfg = Debug|Any CPU
		{D870C010-607F-4000-8B3D-90C43D77DB6F}.Debug|Any CPU.Build.0 = Debug|Any CPU
		{D870C010-607F-4000-8B3D-90C43D77DB6F}.Release|Any CPU.ActiveCfg = Release|Any CPU
		{D870C010-607F-4000-8B3D-90C43D77DB6F}.Release|Any CPU.Build.0 = Release|Any CPU
	EndGlobalSection
	GlobalSection(SolutionProperties) = preSolution
		HideSolutionNode = FALSE
	EndGlobalSection
EndGlobal
